
Microsoft Visual Studio Solution File, Format Version 12.00
# Visual Studio 15
VisualStudioVersion = 15.0.26228.4
MinimumVisualStudioVersion = 10.0.40219.1
Project("{FAE04EC0-301F-11D3-BF4B-00C04F79EFBC}") = "refreshMe", "refreshMe\refreshMe.csproj", "{AD318FAF-1B80-47F2-8DD7-7153E7FED1BE}"
EndProject
Global
	GlobalSection(SolutionConfigurationPlatforms) = preSolution
		Debug|Any CPU = Debug|Any CPU
		Release|Any CPU = Release|Any CPU
	EndGlobalSection
	GlobalSection(ProjectConfigurationPlatforms) = postSolution
		{AD318FAF-1B80-47F2-8DD7-7153E7FED1BE}.Debug|Any CPU.ActiveCfg = Debug|Any CPU
		{AD318FAF-1B80-47F2-8DD7-7153E7FED1BE}.Debug|Any CPU.Build.0 = Debug|Any CPU
		{AD318FAF-1B80-47F2-8DD7-7153E7FED1BE}.Release|Any CPU.ActiveCfg = Release|Any CPU
		{AD318FAF-1B80-47F2-8DD7-7153E7FED1BE}.Release|Any CPU.Build.0 = Release|Any CPU
	EndGlobalSection
	GlobalSection(SolutionProperties) = preSolution
		HideSolutionNode = FALSE
	EndGlobalSection
EndGlobal
